
Microsoft Visual Studio Solution File, Format Version 12.00
# Visual Studio Version 16
VisualStudioVersion = 16.0.31829.152
MinimumVisualStudioVersion = 10.0.40219.1
Project("{FAE04EC0-301F-11D3-BF4B-00C04F79EFBC}") = "Lab20", "Lab20\Lab20.csproj", "{D2B93AAF-C54D-4149-B21A-7A983A3BC4F5}"
EndProject
Global
	GlobalSection(SolutionConfigurationPlatforms) = preSolution
		Debug|Any CPU = Debug|Any CPU
		Release|Any CPU = Release|Any CPU
	EndGlobalSection
	GlobalSection(ProjectConfigurationPlatforms) = postSolution
		{D2B93AAF-C54D-4149-B21A-7A983A3BC4F5}.Debug|Any CPU.ActiveCfg = Debug|Any CPU
		{D2B93AAF-C54D-4149-B21A-7A983A3BC4F5}.Debug|Any CPU.Build.0 = Debug|Any CPU
		{D2B93AAF-C54D-4149-B21A-7A983A3BC4F5}.Release|Any CPU.ActiveCfg = Release|Any CPU
		{D2B93AAF-C54D-4149-B21A-7A983A3BC4F5}.Release|Any CPU.Build.0 = Release|Any CPU
	EndGlobalSection
	GlobalSection(SolutionProperties) = preSolution
		HideSolutionNode = FALSE
	EndGlobalSection
	GlobalSection(ExtensibilityGlobals) = postSolution
		SolutionGuid = {AA6D43E2-AEF8-46D3-AD70-0B4ACA103FE2}
	EndGlobalSection
EndGlobal
